
Microsoft Visual Studio Solution File, Format Version 12.00
# Visual Studio Version 17
VisualStudioVersion = 17.6.33829.357
MinimumVisualStudioVersion = 10.0.40219.1
Project("{FAE04EC0-301F-11D3-BF4B-00C04F79EFBC}") = "DelegateProject", "DelegateProject\DelegateProject.csproj", "{01895C75-24A4-4771-B9BA-1281C5E40D7E}"
EndProject
Global
	GlobalSection(SolutionConfigurationPlatforms) = preSolution
		Debug|Any CPU = Debug|Any CPU
		Release|Any CPU = Release|Any CPU
	EndGlobalSection
	GlobalSection(ProjectConfigurationPlatforms) = postSolution
		{01895C75-24A4-4771-B9BA-1281C5E40D7E}.Debug|Any CPU.ActiveCfg = Debug|Any CPU
		{01895C75-24A4-4771-B9BA-1281C5E40D7E}.Debug|Any CPU.Build.0 = Debug|Any CPU
		{01895C75-24A4-4771-B9BA-1281C5E40D7E}.Release|Any CPU.ActiveCfg = Release|Any CPU
		{01895C75-24A4-4771-B9BA-1281C5E40D7E}.Release|Any CPU.Build.0 = Release|Any CPU
	EndGlobalSection
	GlobalSection(SolutionProperties) = preSolution
		HideSolutionNode = FALSE
	EndGlobalSection
	GlobalSection(ExtensibilityGlobals) = postSolution
		SolutionGuid = {2B4B4BD3-ABC2-4D40-8CBA-F2F5D18E2077}
	EndGlobalSection
EndGlobal
